
Microsoft Visual Studio Solution File, Format Version 12.00
# Visual Studio 2013
VisualStudioVersion = 12.0.21005.1
MinimumVisualStudioVersion = 10.0.40219.1
Project("{FAE04EC0-301F-11D3-BF4B-00C04F79EFBC}") = "WebAPIServices", "WebAPIServices\WebAPIServices.csproj", "{FEFD3310-99B8-4802-B40F-0F0C9352D201}"
EndProject
Project("{FAE04EC0-301F-11D3-BF4B-00C04F79EFBC}") = "WebAPIEntities", "WEbAPIEntities\WebAPIEntities.csproj", "{24B7810D-6B3D-438F-A6AF-D760C7E57AE5}"
EndProject
Project("{FAE04EC0-301F-11D3-BF4B-00C04F79EFBC}") = "WebAPIBusiness", "WebAPIBusiness\WebAPIBusiness.csproj", "{D434B3EF-6C70-42EB-8DA0-F50DE60EDFDA}"
EndProject
Project("{FAE04EC0-301F-11D3-BF4B-00C04F79EFBC}") = "WebAPIReports", "WebAPIReports\WebAPIReports.csproj", "{C9C79C77-1EF1-401E-B9E4-A59E819E649C}"
EndProject
Project("{FAE04EC0-301F-11D3-BF4B-00C04F79EFBC}") = "WebAPIDataAccess", "WebAPIDataAccess\WebAPIDataAccess.csproj", "{73431187-269D-4B6E-A9A4-E46343EE200F}"
EndProject
Global
	GlobalSection(TeamFoundationVersionControl) = preSolution
		SccNumberOfProjects = 6
		SccEnterpriseProvider = {4CA58AB2-18FA-4F8D-95D4-32DDF27D184C}
		SccTeamFoundationServer = http://tfs.intermexusa.com/defaultcollection
		SccLocalPath0 = .
		SccProjectUniqueName1 = WebAPIBusiness\\WebAPIBusiness.csproj
		SccProjectName1 = WebAPIBusiness
		SccLocalPath1 = WebAPIBusiness
		SccProjectUniqueName2 = WebAPIDataAccess\\WebAPIDataAccess.csproj
		SccProjectName2 = WebAPIDataAccess
		SccLocalPath2 = WebAPIDataAccess
		SccProjectUniqueName3 = WEbAPIEntities\\WebAPIEntities.csproj
		SccProjectName3 = WEbAPIEntities
		SccLocalPath3 = WEbAPIEntities
		SccProjectUniqueName4 = WebAPIReports\\WebAPIReports.csproj
		SccProjectName4 = WebAPIReports
		SccLocalPath4 = WebAPIReports
		SccProjectUniqueName5 = WebAPIServices\\WebAPIServices.csproj
		SccProjectName5 = WebAPIServices
		SccLocalPath5 = WebAPIServices
	EndGlobalSection
	GlobalSection(SolutionConfigurationPlatforms) = preSolution
		Debug|Any CPU = Debug|Any CPU
		Release|Any CPU = Release|Any CPU
	EndGlobalSection
	GlobalSection(ProjectConfigurationPlatforms) = postSolution
		{FEFD3310-99B8-4802-B40F-0F0C9352D201}.Debug|Any CPU.ActiveCfg = Debug|Any CPU
		{FEFD3310-99B8-4802-B40F-0F0C9352D201}.Debug|Any CPU.Build.0 = Debug|Any CPU
		{FEFD3310-99B8-4802-B40F-0F0C9352D201}.Release|Any CPU.ActiveCfg = Release|Any CPU
		{FEFD3310-99B8-4802-B40F-0F0C9352D201}.Release|Any CPU.Build.0 = Release|Any CPU
		{24B7810D-6B3D-438F-A6AF-D760C7E57AE5}.Debug|Any CPU.ActiveCfg = Debug|Any CPU
		{24B7810D-6B3D-438F-A6AF-D760C7E57AE5}.Debug|Any CPU.Build.0 = Debug|Any CPU
		{24B7810D-6B3D-438F-A6AF-D760C7E57AE5}.Release|Any CPU.ActiveCfg = Release|Any CPU
		{24B7810D-6B3D-438F-A6AF-D760C7E57AE5}.Release|Any CPU.Build.0 = Release|Any CPU
		{D434B3EF-6C70-42EB-8DA0-F50DE60EDFDA}.Debug|Any CPU.ActiveCfg = Debug|Any CPU
		{D434B3EF-6C70-42EB-8DA0-F50DE60EDFDA}.Debug|Any CPU.Build.0 = Debug|Any CPU
		{D434B3EF-6C70-42EB-8DA0-F50DE60EDFDA}.Release|Any CPU.ActiveCfg = Release|Any CPU
		{D434B3EF-6C70-42EB-8DA0-F50DE60EDFDA}.Release|Any CPU.Build.0 = Release|Any CPU
		{C9C79C77-1EF1-401E-B9E4-A59E819E649C}.Debug|Any CPU.ActiveCfg = Debug|Any CPU
		{C9C79C77-1EF1-401E-B9E4-A59E819E649C}.Debug|Any CPU.Build.0 = Debug|Any CPU
		{C9C79C77-1EF1-401E-B9E4-A59E819E649C}.Release|Any CPU.ActiveCfg = Release|Any CPU
		{C9C79C77-1EF1-401E-B9E4-A59E819E649C}.Release|Any CPU.Build.0 = Release|Any CPU
		{73431187-269D-4B6E-A9A4-E46343EE200F}.Debug|Any CPU.ActiveCfg = Debug|Any CPU
		{73431187-269D-4B6E-A9A4-E46343EE200F}.Debug|Any CPU.Build.0 = Debug|Any CPU
		{73431187-269D-4B6E-A9A4-E46343EE200F}.Release|Any CPU.ActiveCfg = Release|Any CPU
		{73431187-269D-4B6E-A9A4-E46343EE200F}.Release|Any CPU.Build.0 = Release|Any CPU
	EndGlobalSection
	GlobalSection(SolutionProperties) = preSolution
		HideSolutionNode = FALSE
	EndGlobalSection
EndGlobal
